
Microsoft Visual Studio Solution File, Format Version 11.00
# Visual Studio 2010
Project("{FAE04EC0-301F-11D3-BF4B-00C04F79EFBC}") = "Assembly-CSharp", "Assembly-CSharp.csproj", "{2839C6DA-2465-12D7-4012-17506DE5699C}"
EndProject
Project("{FAE04EC0-301F-11D3-BF4B-00C04F79EFBC}") = "Assembly-CSharp-firstpass", "Assembly-CSharp-firstpass.csproj", "{221A6127-ABCF-C45A-AFB3-98E7E561076F}"
EndProject
Project("{FAE04EC0-301F-11D3-BF4B-00C04F79EFBC}") = "Assembly-CSharp-Editor-firstpass", "Assembly-CSharp-Editor-firstpass.csproj", "{3AFE2B69-54D8-C9DB-45E2-25D8B392F5A4}"
EndProject
Project("{FAE04EC0-301F-11D3-BF4B-00C04F79EFBC}") = "Assembly-CSharp-Editor", "Assembly-CSharp-Editor.csproj", "{B34988F6-389F-A20A-1403-31082A458E0C}"
EndProject
Global
	GlobalSection(SolutionConfigurationPlatforms) = preSolution
		Debug|Any CPU = Debug|Any CPU
		Release|Any CPU = Release|Any CPU
	EndGlobalSection
	GlobalSection(ProjectConfigurationPlatforms) = postSolution
		{2839C6DA-2465-12D7-4012-17506DE5699C}.Debug|Any CPU.ActiveCfg = Debug|Any CPU
		{2839C6DA-2465-12D7-4012-17506DE5699C}.Debug|Any CPU.Build.0 = Debug|Any CPU
		{2839C6DA-2465-12D7-4012-17506DE5699C}.Release|Any CPU.ActiveCfg = Release|Any CPU
		{2839C6DA-2465-12D7-4012-17506DE5699C}.Release|Any CPU.Build.0 = Release|Any CPU
		{221A6127-ABCF-C45A-AFB3-98E7E561076F}.Debug|Any CPU.ActiveCfg = Debug|Any CPU
		{221A6127-ABCF-C45A-AFB3-98E7E561076F}.Debug|Any CPU.Build.0 = Debug|Any CPU
		{221A6127-ABCF-C45A-AFB3-98E7E561076F}.Release|Any CPU.ActiveCfg = Release|Any CPU
		{221A6127-ABCF-C45A-AFB3-98E7E561076F}.Release|Any CPU.Build.0 = Release|Any CPU
		{3AFE2B69-54D8-C9DB-45E2-25D8B392F5A4}.Debug|Any CPU.ActiveCfg = Debug|Any CPU
		{3AFE2B69-54D8-C9DB-45E2-25D8B392F5A4}.Debug|Any CPU.Build.0 = Debug|Any CPU
		{3AFE2B69-54D8-C9DB-45E2-25D8B392F5A4}.Release|Any CPU.ActiveCfg = Release|Any CPU
		{3AFE2B69-54D8-C9DB-45E2-25D8B392F5A4}.Release|Any CPU.Build.0 = Release|Any CPU
		{B34988F6-389F-A20A-1403-31082A458E0C}.Debug|Any CPU.ActiveCfg = Debug|Any CPU
		{B34988F6-389F-A20A-1403-31082A458E0C}.Debug|Any CPU.Build.0 = Debug|Any CPU
		{B34988F6-389F-A20A-1403-31082A458E0C}.Release|Any CPU.ActiveCfg = Release|Any CPU
		{B34988F6-389F-A20A-1403-31082A458E0C}.Release|Any CPU.Build.0 = Release|Any CPU
	EndGlobalSection
	GlobalSection(SolutionProperties) = preSolution
		HideSolutionNode = FALSE
	EndGlobalSection
	GlobalSection(MonoDevelopProperties) = preSolution
		StartupItem = Assembly-CSharp.csproj
	EndGlobalSection
EndGlobal
