
Microsoft Visual Studio Solution File, Format Version 11.00
# Visual Studio 2010
Project("{FAE04EC0-301F-11D3-BF4B-00C04F79EFBC}") = "Assembly-CSharp", "Assembly-CSharp.csproj", "{7CEECFEE-140C-9B65-7E35-3F3E4C3A9D22}"
EndProject
Project("{FAE04EC0-301F-11D3-BF4B-00C04F79EFBC}") = "Assembly-CSharp-firstpass", "Assembly-CSharp-firstpass.csproj", "{73D0D625-3957-2B4B-B654-D6CF516270C9}"
EndProject
Project("{FAE04EC0-301F-11D3-BF4B-00C04F79EFBC}") = "Assembly-CSharp-Editor-firstpass", "Assembly-CSharp-Editor-firstpass.csproj", "{EC422FD9-7BC5-5939-B8B2-B1A5A9DF572F}"
EndProject
Project("{FAE04EC0-301F-11D3-BF4B-00C04F79EFBC}") = "Assembly-CSharp-Editor", "Assembly-CSharp-Editor.csproj", "{9FF02BC1-1E3A-CD1B-61A9-14F0C6326F98}"
EndProject
Global
	GlobalSection(SolutionConfigurationPlatforms) = preSolution
		Debug|Any CPU = Debug|Any CPU
		Release|Any CPU = Release|Any CPU
	EndGlobalSection
	GlobalSection(ProjectConfigurationPlatforms) = postSolution
		{7CEECFEE-140C-9B65-7E35-3F3E4C3A9D22}.Debug|Any CPU.ActiveCfg = Debug|Any CPU
		{7CEECFEE-140C-9B65-7E35-3F3E4C3A9D22}.Debug|Any CPU.Build.0 = Debug|Any CPU
		{7CEECFEE-140C-9B65-7E35-3F3E4C3A9D22}.Release|Any CPU.ActiveCfg = Release|Any CPU
		{7CEECFEE-140C-9B65-7E35-3F3E4C3A9D22}.Release|Any CPU.Build.0 = Release|Any CPU
		{73D0D625-3957-2B4B-B654-D6CF516270C9}.Debug|Any CPU.ActiveCfg = Debug|Any CPU
		{73D0D625-3957-2B4B-B654-D6CF516270C9}.Debug|Any CPU.Build.0 = Debug|Any CPU
		{73D0D625-3957-2B4B-B654-D6CF516270C9}.Release|Any CPU.ActiveCfg = Release|Any CPU
		{73D0D625-3957-2B4B-B654-D6CF516270C9}.Release|Any CPU.Build.0 = Release|Any CPU
		{EC422FD9-7BC5-5939-B8B2-B1A5A9DF572F}.Debug|Any CPU.ActiveCfg = Debug|Any CPU
		{EC422FD9-7BC5-5939-B8B2-B1A5A9DF572F}.Debug|Any CPU.Build.0 = Debug|Any CPU
		{EC422FD9-7BC5-5939-B8B2-B1A5A9DF572F}.Release|Any CPU.ActiveCfg = Release|Any CPU
		{EC422FD9-7BC5-5939-B8B2-B1A5A9DF572F}.Release|Any CPU.Build.0 = Release|Any CPU
		{9FF02BC1-1E3A-CD1B-61A9-14F0C6326F98}.Debug|Any CPU.ActiveCfg = Debug|Any CPU
		{9FF02BC1-1E3A-CD1B-61A9-14F0C6326F98}.Debug|Any CPU.Build.0 = Debug|Any CPU
		{9FF02BC1-1E3A-CD1B-61A9-14F0C6326F98}.Release|Any CPU.ActiveCfg = Release|Any CPU
		{9FF02BC1-1E3A-CD1B-61A9-14F0C6326F98}.Release|Any CPU.Build.0 = Release|Any CPU
	EndGlobalSection
	GlobalSection(SolutionProperties) = preSolution
		HideSolutionNode = FALSE
	EndGlobalSection
	GlobalSection(MonoDevelopProperties) = preSolution
		StartupItem = Assembly-CSharp.csproj
	EndGlobalSection
EndGlobal
